
Microsoft Visual Studio Solution File, Format Version 12.00
# Visual Studio 15
VisualStudioVersion = 15.0.27130.2010
MinimumVisualStudioVersion = 10.0.40219.1
Project("{FAE04EC0-301F-11D3-BF4B-00C04F79EFBC}") = "Dhgms.CloneAllRepos.UnitTests", "Dhgms.CloneAllRepos.UnitTests\Dhgms.CloneAllRepos.UnitTests.csproj", "{6BAD561E-8AE2-4761-ADF4-4FB2CA6A6D64}"
EndProject
Project("{FAE04EC0-301F-11D3-BF4B-00C04F79EFBC}") = "Dhgms.CloneAllRepos.Cmd", "Dhgms.CloneAllRepos.Cmd\Dhgms.CloneAllRepos.Cmd.csproj", "{4FFE9666-D7E4-4466-9B69-B3C5FB2B5371}"
EndProject
Project("{9A19103F-16F7-4668-BE54-9A1E7A4F7556}") = "Dhgms.CloneAllRepos.StoryTeller.Cmd", "Dhgms.CloneAllRepos.StoryTeller.Cmd\Dhgms.CloneAllRepos.StoryTeller.Cmd.csproj", "{52B6A280-3E9D-4ACF-BC76-E823090AFBCE}"
EndProject
Project("{FAE04EC0-301F-11D3-BF4B-00C04F79EFBC}") = "Dhgms.CloneAllRepos.Specs", "Dhgms.CloneAllRepos.Specs\Dhgms.CloneAllRepos.Specs.csproj", "{591A4B9A-E8E4-4905-B86D-DB5E236A0191}"
EndProject
Global
	GlobalSection(SolutionConfigurationPlatforms) = preSolution
		Debug|Any CPU = Debug|Any CPU
		Release|Any CPU = Release|Any CPU
	EndGlobalSection
	GlobalSection(ProjectConfigurationPlatforms) = postSolution
		{6BAD561E-8AE2-4761-ADF4-4FB2CA6A6D64}.Debug|Any CPU.ActiveCfg = Debug|Any CPU
		{6BAD561E-8AE2-4761-ADF4-4FB2CA6A6D64}.Debug|Any CPU.Build.0 = Debug|Any CPU
		{6BAD561E-8AE2-4761-ADF4-4FB2CA6A6D64}.Release|Any CPU.ActiveCfg = Release|Any CPU
		{6BAD561E-8AE2-4761-ADF4-4FB2CA6A6D64}.Release|Any CPU.Build.0 = Release|Any CPU
		{4FFE9666-D7E4-4466-9B69-B3C5FB2B5371}.Debug|Any CPU.ActiveCfg = Debug|Any CPU
		{4FFE9666-D7E4-4466-9B69-B3C5FB2B5371}.Debug|Any CPU.Build.0 = Debug|Any CPU
		{4FFE9666-D7E4-4466-9B69-B3C5FB2B5371}.Release|Any CPU.ActiveCfg = Release|Any CPU
		{4FFE9666-D7E4-4466-9B69-B3C5FB2B5371}.Release|Any CPU.Build.0 = Release|Any CPU
		{52B6A280-3E9D-4ACF-BC76-E823090AFBCE}.Debug|Any CPU.ActiveCfg = Debug|Any CPU
		{52B6A280-3E9D-4ACF-BC76-E823090AFBCE}.Debug|Any CPU.Build.0 = Debug|Any CPU
		{52B6A280-3E9D-4ACF-BC76-E823090AFBCE}.Release|Any CPU.ActiveCfg = Release|Any CPU
		{52B6A280-3E9D-4ACF-BC76-E823090AFBCE}.Release|Any CPU.Build.0 = Release|Any CPU
		{591A4B9A-E8E4-4905-B86D-DB5E236A0191}.Debug|Any CPU.ActiveCfg = Debug|Any CPU
		{591A4B9A-E8E4-4905-B86D-DB5E236A0191}.Debug|Any CPU.Build.0 = Debug|Any CPU
		{591A4B9A-E8E4-4905-B86D-DB5E236A0191}.Release|Any CPU.ActiveCfg = Release|Any CPU
		{591A4B9A-E8E4-4905-B86D-DB5E236A0191}.Release|Any CPU.Build.0 = Release|Any CPU
	EndGlobalSection
	GlobalSection(SolutionProperties) = preSolution
		HideSolutionNode = FALSE
	EndGlobalSection
	GlobalSection(ExtensibilityGlobals) = postSolution
		SolutionGuid = {10E53DB0-A240-4637-85C8-B9C2D4BDB8C8}
	EndGlobalSection
EndGlobal
